github.com/BOOMfinity/golog v1.0.5 h1:BHTWTR+xMQN0GdIMy2l6KgEB+fcsluTCrmbQnCw4gao=
github.com/BOOMfinity/golog v1.0.5/go.mod h1:4OoXZjkP5D+ycQJa8LxFMIbHSvaJrdMatNE0vwDstxY=
github.com/DATA-DOG/go-sqlmock v1.5.0 h1:Shsta01QNfFxHCfpW6YH2STWB0MudeXXEWMr20OEh60=
github.com/DATA-DOG/go-sqlmock v1.5.0/go.mod h1:f/Ixk793poVmq4qj/V1dPUg2JEAKC73Q5eFN3EC/SaM=
github.com/JamesStewy/go-mysqldump v0.2.2 h1:tMtZDnIi2hz6H3Nna0TPhvWfBZlXe4i7vkjc5Vd8Gdo=
github.com/JamesStewy/go-mysqldump v0.2.2/go.mod h1:JuJhv4dTbe2OQpABlwqj0B+6E9VLjGLG1t4NJRTcB3w=
github.com/andybalholm/brotli v1.0.4 h1:V7DdXeJtZscaqfNuAdSRuRFzuiKlHSC/Zh3zl9qY3JY=
github.com/andybalholm/brotli v1.0.4/go.mod h1:fO7iG3H7G2nSZ7m0zPUDn85XEX2GTukHGRSepvi9Eig=
github.com/cpuguy83/go-md2man/v2 v2.0.2 h1:p1EgwI/C7NhT0JmVkwCD2ZBK8j4aeHQX2pMHHBfMQ6w=
github.com/cpuguy83/go-md2man/v2 v2.0.2/go.mod h1:tgQtvFlXSQOSOSIRvRPT7W67SCa46tRHOmNcaadrF8o=
github.com/dsnet/compress v0.0.2-0.20210315054119-f66993602bf5 h1:iFaUwBSo5Svw6L7HYpRu/0lE3e0BaElwnNO1qkNQxBY=
github.com/dsnet/compress v0.0.2-0.20210315054119-f66993602bf5/go.mod h1:qssHWj60/X5sZFNxpG4HBPDHVqxNm4DfnCKgrbZOT+s=
github.com/dsnet/golib v0.0.0-20171103203638-1ea166775780/go.mod h1:Lj+Z9rebOhdfkVLjJ8T6VcRQv3SXugXy999NBtR9aFY=
github.com/go-sql-driver/mysql v1.7.0 h1:ueSltNNllEqE3qcWBTD0iQd3IpL/6U+mJxLkazJ7YPc=
github.com/go-sql-driver/mysql v1.7.0/go.mod h1:OXbVy3sEdcQ2Doequ6Z5BW6fXNQTmx+9S1MCJN5yJMI=
github.com/golang/snappy v0.0.4 h1:yAGX7huGHXlcLOEtBnF4w7FQwA26wojNCwOYAEhLjQM=
github.com/golang/snappy v0.0.4/go.mod h1:/XxbfmMg8lxefKM7IXC3fBNl/7bRcc72aCRzEWrmP2Q=
github.com/google/go-cmp v0.5.5/go.mod h1:v8dTdLbMG2kIc/vJvl+f65V22dbkXbowE6jgT/gNBxE=
github.com/klauspost/compress v1.4.1/go.mod h1:RyIbtBH6LamlWaDj8nUwkbUhJ87Yi3uG0guNDohfE1A=
github.com/klauspost/compress v1.15.5 h1:qyCLMz2JCrKADihKOh9FxnW3houKeNsp2h5OEz0QSEA=
github.com/klauspost/compress v1.15.5/go.mod h1:PhcZ0MbTNciWF3rruxRgKxI5NkcHHrHUDtV4Yw2GlzU=
github.com/klauspost/cpuid v1.2.0/go.mod h1:Pj4uuM528wm8OyEC2QMXAi2YiTZ96dNQPGgoMS4s3ek=
github.com/klauspost/pgzip v1.2.5 h1:qnWYvvKqedOF2ulHpMG72XQol4ILEJ8k2wwRl/Km8oE=
github.com/klauspost/pgzip v1.2.5/go.mod h1:Ch1tH69qFZu15pkjo5kYi6mth2Zzwzt50oCQKQE9RUs=
github.com/mholt/archiver/v4 v4.0.0-alpha.7 h1:xzByj8G8tj0Oq7ZYYU4+ixL/CVb5ruWCm0EZQ1PjOkE=
github.com/mholt/archiver/v4 v4.0.0-alpha.7/go.mod h1:Fs8qUkO74HHaidabihzYephJH8qmGD/nCP6tE5xC9BM=
github.com/nwaples/rardecode/v2 v2.0.0-beta.2 h1:e3mzJFJs4k83GXBEiTaQ5HgSc/kOK8q0rDaRO0MPaOk=
github.com/nwaples/rardecode/v2 v2.0.0-beta.2/go.mod h1:yntwv/HfMc/Hbvtq9I19D1n58te3h6KsqCf3GxyfBGY=
github.com/pierrec/lz4/v4 v4.1.14 h1:+fL8AQEZtz/ijeNnpduH0bROTu0O3NZAlPjQxGn8LwE=
github.com/pierrec/lz4/v4 v4.1.14/go.mod h1:gZWDp/Ze/IJXGXf23ltt2EXimqmTUXEy0GFuRQyBid4=
github.com/russross/blackfriday/v2 v2.1.0 h1:JIOH55/0cWyOuilr9/qlrm0BSXldqnqwMsf35Ld67mk=
github.com/russross/blackfriday/v2 v2.1.0/go.mod h1:+Rmxgy9KzJVeS9/2gXHxylqXiyQDYRxCVz55jmeOWTM=
github.com/t3rm1n4l/go-mega v0.0.0-20220725095014-c4e0c2b5debf h1:Y43S3e9P1NPs/QF4R5/SdlXj2d31540hP4Gk8VKNvDg=
github.com/t3rm1n4l/go-mega v0.0.0-20220725095014-c4e0c2b5debf/go.mod h1:c+cGNU1qi9bO7ZF4IRMYk+KaZTNiQ/gQrSbyMmGFq1Q=
github.com/therootcompany/xz v1.0.1 h1:CmOtsn1CbtmyYiusbfmhmkpAAETj0wBIH6kCYaX+xzw=
github.com/therootcompany/xz v1.0.1/go.mod h1:3K3UH1yCKgBneZYhuQUvJ9HPD19UEXEI0BWbMn8qNMY=
github.com/ulikunitz/xz v0.5.8/go.mod h1:nbz6k7qbPmH4IRqmfOplQw/tblSgqTqBwxkY0oWt/14=
github.com/ulikunitz/xz v0.5.11 h1:kpFauv27b6ynzBNT/Xy+1k+fK4WswhN/6PN5WhFAGw8=
github.com/ulikunitz/xz v0.5.11/go.mod h1:nbz6k7qbPmH4IRqmfOplQw/tblSgqTqBwxkY0oWt/14=
github.com/urfave/cli/v2 v2.24.2 h1:q1VA+ofZ8SWfEKB9xXHUD4QZaeI9e+ItEqSbfH2JBXk=
github.com/urfave/cli/v2 v2.24.2/go.mod h1:GHupkWPMM0M/sj1a2b4wUrWBPzazNrIjouW6fmdJLxc=
github.com/xrash/smetrics v0.0.0-20201216005158-039620a65673 h1:bAn7/zixMGCfxrRTfdpNzjtPYqr8smhKouy9mxVdGPU=
github.com/xrash/smetrics v0.0.0-20201216005158-039620a65673/go.mod h1:N3UwUGtsrSj3ccvlPHLoLsHnpR27oXr4ZE984MbSER8=
golang.org/x/crypto v0.0.0-20190131182504-b8fe1690c613 h1:MQ/ZZiDsUapFFiMS+vzwXkCTeEKaum+Do5rINYJDmxc=
golang.org/x/crypto v0.0.0-20190131182504-b8fe1690c613/go.mod h1:6SG95UA2DQfeDnfUPMdvaQW0Q7yPrPDi9nlGo2tz2b4=
golang.org/x/sys v0.0.0-20220829200755-d48e67d00261 h1:v6hYoSR9T5oet+pMXwUWkbiVqx/63mlHjefrHmxwfeY=
golang.org/x/sys v0.0.0-20220829200755-d48e67d00261/go.mod h1:oPkhp1MJrh7nUepCBck5+mAzfO9JrbApNNgaTdGDITg=
golang.org/x/text v0.3.7 h1:olpwvP2KacW1ZWvsR7uQhoyTYvKAupfQrRGBFM352Gk=
golang.org/x/text v0.3.7/go.mod h1:u+2+/6zg+i71rQMx5EYifcz6MCKuco9NR6JIITiCfzQ=
golang.org/x/xerrors v0.0.0-20191204190536-9bdfabe68543/go.mod h1:I/5z698sn9Ka8TeJc9MKroUUfqBBauWjQqLJ2OPfmY0=
